// !$*UTF8*$!
{
	archiveVersion = 1;
	classes = {
	};
	objectVersion = 54;
	objects = {

/* Begin PBXBuildFile section */
		4A906D6525A168CE00CF2A5F /* LSFoundation in Resources */ = {isa = PBXBuildFile; fileRef = 4A906D6425A168CE00CF2A5F /* LSFoundation */; };
		4A906D6D25A1691900CF2A5F /* URLHandler.swift in Sources */ = {isa = PBXBuildFile; fileRef = 4A906D6C25A1691900CF2A5F /* URLHandler.swift */; };
		4A9AB24B25A167AD003842F8 /* AppDelegate.swift in Sources */ = {isa = PBXBuildFile; fileRef = 4A9AB24A25A167AD003842F8 /* AppDelegate.swift */; };
		4A9AB24D25A167AE003842F8 /* Assets.xcassets in Resources */ = {isa = PBXBuildFile; fileRef = 4A9AB24C25A167AE003842F8 /* Assets.xcassets */; };
		4A9AB25025A167AE003842F8 /* MainMenu.xib in Resources */ = {isa = PBXBuildFile; fileRef = 4A9AB24E25A167AE003842F8 /* MainMenu.xib */; };
		4ADA4F5A25A20F4F00893A0A /* LaunchServicesMethods.swift in Sources */ = {isa = PBXBuildFile; fileRef = 4ADA4F5925A20F4F00893A0A /* LaunchServicesMethods.swift */; };
		4ADA4F6025A2187600893A0A /* Settings.swift in Sources */ = {isa = PBXBuildFile; fileRef = 4ADA4F5F25A2187600893A0A /* Settings.swift */; };
		4ADA4F6425A2188D00893A0A /* UserDefaultsBacked.swift in Sources */ = {isa = PBXBuildFile; fileRef = 4ADA4F6325A2188D00893A0A /* UserDefaultsBacked.swift */; };
		4ADA4F6725A2190800893A0A /* Enablable.swift in Sources */ = {isa = PBXBuildFile; fileRef = 4ADA4F6625A2190800893A0A /* Enablable.swift */; };
		4ADA4F6A25A2198E00893A0A /* StatusItemController.swift in Sources */ = {isa = PBXBuildFile; fileRef = 4ADA4F6925A2198E00893A0A /* StatusItemController.swift */; };
		4ADA4F6E25A21ABB00893A0A /* LocalizedStrings.swift in Sources */ = {isa = PBXBuildFile; fileRef = 4ADA4F6D25A21ABB00893A0A /* LocalizedStrings.swift */; };
		4AEA100D25A16B1900D0AF31 /* LSFoundation in Frameworks */ = {isa = PBXBuildFile; productRef = 4AEA100C25A16B1900D0AF31 /* LSFoundation */; };
/* End PBXBuildFile section */

/* Begin PBXFileReference section */
		4A52A37C25A2037A004CAFDB /* TestURLs.md */ = {isa = PBXFileReference; lastKnownFileType = net.daringfireball.markdown; path = TestURLs.md; sourceTree = "<group>"; };
		4A906D6425A168CE00CF2A5F /* LSFoundation */ = {isa = PBXFileReference; lastKnownFileType = folder; name = LSFoundation; path = ../LSFoundation; sourceTree = "<group>"; };
		4A906D6725A168E800CF2A5F /* CHANGELOG.md */ = {isa = PBXFileReference; lastKnownFileType = net.daringfireball.markdown; path = CHANGELOG.md; sourceTree = "<group>"; };
		4A906D6825A168E800CF2A5F /* README.md */ = {isa = PBXFileReference; lastKnownFileType = net.daringfireball.markdown; path = README.md; sourceTree = "<group>"; };
		4A906D6925A168E800CF2A5F /* .swiftlint.yml */ = {isa = PBXFileReference; lastKnownFileType = text.yaml; path = .swiftlint.yml; sourceTree = "<group>"; };
		4A906D6A25A168E800CF2A5F /* .gitignore */ = {isa = PBXFileReference; lastKnownFileType = text; path = .gitignore; sourceTree = "<group>"; };
		4A906D6C25A1691900CF2A5F /* URLHandler.swift */ = {isa = PBXFileReference; fileEncoding = 4; lastKnownFileType = sourcecode.swift; path = URLHandler.swift; sourceTree = "<group>"; };
		4A9AB24725A167AD003842F8 /* Open Sesame.app */ = {isa = PBXFileReference; explicitFileType = wrapper.application; includeInIndex = 0; path = "Open Sesame.app"; sourceTree = BUILT_PRODUCTS_DIR; };
		4A9AB24A25A167AD003842F8 /* AppDelegate.swift */ = {isa = PBXFileReference; lastKnownFileType = sourcecode.swift; path = AppDelegate.swift; sourceTree = "<group>"; };
		4A9AB24C25A167AE003842F8 /* Assets.xcassets */ = {isa = PBXFileReference; lastKnownFileType = folder.assetcatalog; path = Assets.xcassets; sourceTree = "<group>"; };
		4A9AB24F25A167AE003842F8 /* Base */ = {isa = PBXFileReference; lastKnownFileType = file.xib; name = Base; path = Base.lproj/MainMenu.xib; sourceTree = "<group>"; };
		4A9AB25125A167AE003842F8 /* Info.plist */ = {isa = PBXFileReference; lastKnownFileType = text.plist.xml; path = Info.plist; sourceTree = "<group>"; };
		4A9AB25225A167AE003842F8 /* OpenSesame.entitlements */ = {isa = PBXFileReference; lastKnownFileType = text.plist.entitlements; path = OpenSesame.entitlements; sourceTree = "<group>"; };
		4ADA4F5925A20F4F00893A0A /* LaunchServicesMethods.swift */ = {isa = PBXFileReference; lastKnownFileType = sourcecode.swift; path = LaunchServicesMethods.swift; sourceTree = "<group>"; };
		4ADA4F5F25A2187600893A0A /* Settings.swift */ = {isa = PBXFileReference; lastKnownFileType = sourcecode.swift; path = Settings.swift; sourceTree = "<group>"; };
		4ADA4F6325A2188D00893A0A /* UserDefaultsBacked.swift */ = {isa = PBXFileReference; lastKnownFileType = sourcecode.swift; path = UserDefaultsBacked.swift; sourceTree = "<group>"; };
		4ADA4F6625A2190800893A0A /* Enablable.swift */ = {isa = PBXFileReference; lastKnownFileType = sourcecode.swift; path = Enablable.swift; sourceTree = "<group>"; };
		4ADA4F6925A2198E00893A0A /* StatusItemController.swift */ = {isa = PBXFileReference; lastKnownFileType = sourcecode.swift; path = StatusItemController.swift; sourceTree = "<group>"; };
		4ADA4F6D25A21ABB00893A0A /* LocalizedStrings.swift */ = {isa = PBXFileReference; lastKnownFileType = sourcecode.swift; path = LocalizedStrings.swift; sourceTree = "<group>"; };
/* End PBXFileReference section */

/* Begin PBXFrameworksBuildPhase section */
		4A9AB24425A167AD003842F8 /* Frameworks */ = {
			isa = PBXFrameworksBuildPhase;
			buildActionMask = 2147483647;
			files = (
				4AEA100D25A16B1900D0AF31 /* LSFoundation in Frameworks */,
			);
			runOnlyForDeploymentPostprocessing = 0;
		};
/* End PBXFrameworksBuildPhase section */

/* Begin PBXGroup section */
		4A9AB23E25A167AD003842F8 = {
			isa = PBXGroup;
			children = (
				4A906D6825A168E800CF2A5F /* README.md */,
				4A906D6725A168E800CF2A5F /* CHANGELOG.md */,
				4A906D6925A168E800CF2A5F /* .swiftlint.yml */,
				4A906D6A25A168E800CF2A5F /* .gitignore */,
				4A9AB24925A167AD003842F8 /* OpenSesame */,
				4A906D6425A168CE00CF2A5F /* LSFoundation */,
				4A9AB24825A167AD003842F8 /* Products */,
				4AEA100B25A16B1900D0AF31 /* Frameworks */,
			);
			sourceTree = "<group>";
		};
		4A9AB24825A167AD003842F8 /* Products */ = {
			isa = PBXGroup;
			children = (
				4A9AB24725A167AD003842F8 /* Open Sesame.app */,
			);
			name = Products;
			sourceTree = "<group>";
		};
		4A9AB24925A167AD003842F8 /* OpenSesame */ = {
			isa = PBXGroup;
			children = (
				4A9AB24A25A167AD003842F8 /* AppDelegate.swift */,
				4ADA4F6925A2198E00893A0A /* StatusItemController.swift */,
				4ADA4F6D25A21ABB00893A0A /* LocalizedStrings.swift */,
				4ADA4F6625A2190800893A0A /* Enablable.swift */,
				4ADA4F5F25A2187600893A0A /* Settings.swift */,
				4ADA4F6325A2188D00893A0A /* UserDefaultsBacked.swift */,
				4A906D6C25A1691900CF2A5F /* URLHandler.swift */,
				4ADA4F5925A20F4F00893A0A /* LaunchServicesMethods.swift */,
				4A9AB24C25A167AE003842F8 /* Assets.xcassets */,
				4A9AB24E25A167AE003842F8 /* MainMenu.xib */,
				4A9AB25125A167AE003842F8 /* Info.plist */,
				4A9AB25225A167AE003842F8 /* OpenSesame.entitlements */,
				4A52A37C25A2037A004CAFDB /* TestURLs.md */,
			);
			path = OpenSesame;
			sourceTree = "<group>";
		};
		4AEA100B25A16B1900D0AF31 /* Frameworks */ = {
			isa = PBXGroup;
			children = (
			);
			name = Frameworks;
			sourceTree = "<group>";
		};
/* End PBXGroup section */

/* Begin PBXNativeTarget section */
		4A9AB24625A167AD003842F8 /* Open Sesame */ = {
			isa = PBXNativeTarget;
			buildConfigurationList = 4A9AB25525A167AE003842F8 /* Build configuration list for PBXNativeTarget "Open Sesame" */;
			buildPhases = (
				4A906D6B25A168F300CF2A5F /* Run SwiftLint */,
				4A9AB24325A167AD003842F8 /* Sources */,
				4A9AB24425A167AD003842F8 /* Frameworks */,
				4A9AB24525A167AD003842F8 /* Resources */,
				4ADA4F7025A227F100893A0A /* Kill Other Instances */,
			);
			buildRules = (
			);
			dependencies = (
			);
			name = "Open Sesame";
			packageProductDependencies = (
				4AEA100C25A16B1900D0AF31 /* LSFoundation */,
			);
			productName = OpenSesame;
			productReference = 4A9AB24725A167AD003842F8 /* Open Sesame.app */;
			productType = "com.apple.product-type.application";
		};
/* End PBXNativeTarget section */

/* Begin PBXProject section */
		4A9AB23F25A167AD003842F8 /* Project object */ = {
			isa = PBXProject;
			attributes = {
				LastSwiftUpdateCheck = 1230;
				LastUpgradeCheck = 1230;
				TargetAttributes = {
					4A9AB24625A167AD003842F8 = {
						CreatedOnToolsVersion = 12.3;
					};
				};
			};
			buildConfigurationList = 4A9AB24225A167AD003842F8 /* Build configuration list for PBXProject "OpenSesame" */;
			compatibilityVersion = "Xcode 12.0";
			developmentRegion = en;
			hasScannedForEncodings = 0;
			knownRegions = (
				en,
				Base,
			);
			mainGroup = 4A9AB23E25A167AD003842F8;
			productRefGroup = 4A9AB24825A167AD003842F8 /* Products */;
			projectDirPath = "";
			projectRoot = "";
			targets = (
				4A9AB24625A167AD003842F8 /* Open Sesame */,
			);
		};
/* End PBXProject section */

/* Begin PBXResourcesBuildPhase section */
		4A9AB24525A167AD003842F8 /* Resources */ = {
			isa = PBXResourcesBuildPhase;
			buildActionMask = 2147483647;
			files = (
				4A906D6525A168CE00CF2A5F /* LSFoundation in Resources */,
				4A9AB24D25A167AE003842F8 /* Assets.xcassets in Resources */,
				4A9AB25025A167AE003842F8 /* MainMenu.xib in Resources */,
			);
			runOnlyForDeploymentPostprocessing = 0;
		};
/* End PBXResourcesBuildPhase section */

/* Begin PBXShellScriptBuildPhase section */
		4A906D6B25A168F300CF2A5F /* Run SwiftLint */ = {
			isa = PBXShellScriptBuildPhase;
			buildActionMask = 2147483647;
			files = (
			);
			inputFileListPaths = (
			);
			inputPaths = (
			);
			name = "Run SwiftLint";
			outputFileListPaths = (
			);
			outputPaths = (
			);
			runOnlyForDeploymentPostprocessing = 0;
			shellPath = /bin/sh;
			shellScript = "if which swiftlint >/dev/null; then\n  swiftlint\nelse\n  echo \"warning: SwiftLint not installed, download from https://github.com/realm/SwiftLint\"\nfi\n";
		};
		4ADA4F7025A227F100893A0A /* Kill Other Instances */ = {
			isa = PBXShellScriptBuildPhase;
			buildActionMask = 2147483647;
			files = (
			);
			inputFileListPaths = (
			);
			inputPaths = (
			);
			name = "Kill Other Instances";
			outputFileListPaths = (
			);
			outputPaths = (
			);
			runOnlyForDeploymentPostprocessing = 0;
			shellPath = /bin/sh;
			shellScript = "echo $(pkill \"Open Sesame\") > /dev/null\n";
		};
/* End PBXShellScriptBuildPhase section */

/* Begin PBXSourcesBuildPhase section */
		4A9AB24325A167AD003842F8 /* Sources */ = {
			isa = PBXSourcesBuildPhase;
			buildActionMask = 2147483647;
			files = (
				4ADA4F6725A2190800893A0A /* Enablable.swift in Sources */,
				4ADA4F6A25A2198E00893A0A /* StatusItemController.swift in Sources */,
				4ADA4F6E25A21ABB00893A0A /* LocalizedStrings.swift in Sources */,
				4A906D6D25A1691900CF2A5F /* URLHandler.swift in Sources */,
				4ADA4F6425A2188D00893A0A /* UserDefaultsBacked.swift in Sources */,
				4ADA4F5A25A20F4F00893A0A /* LaunchServicesMethods.swift in Sources */,
				4ADA4F6025A2187600893A0A /* Settings.swift in Sources */,
				4A9AB24B25A167AD003842F8 /* AppDelegate.swift in Sources */,
			);
			runOnlyForDeploymentPostprocessing = 0;
		};
/* End PBXSourcesBuildPhase section */

/* Begin PBXVariantGroup section */
		4A9AB24E25A167AE003842F8 /* MainMenu.xib */ = {
			isa = PBXVariantGroup;
			children = (
				4A9AB24F25A167AE003842F8 /* Base */,
			);
			name = MainMenu.xib;
			sourceTree = "<group>";
		};
/* End PBXVariantGroup section */

/* Begin XCBuildConfiguration section */
		4A9AB25325A167AE003842F8 /* Debug */ = {
			isa = XCBuildConfiguration;
			buildSettings = {
				ALWAYS_SEARCH_USER_PATHS = NO;
				CLANG_ANALYZER_NONNULL = YES;
				CLANG_ANALYZER_NUMBER_OBJECT_CONVERSION = YES_AGGRESSIVE;
				CLANG_CXX_LANGUAGE_STANDARD = "gnu++14";
				CLANG_CXX_LIBRARY = "libc++";
				CLANG_ENABLE_MODULES = YES;
				CLANG_ENABLE_OBJC_ARC = YES;
				CLANG_ENABLE_OBJC_WEAK = YES;
				CLANG_WARN_BLOCK_CAPTURE_AUTORELEASING = YES;
				CLANG_WARN_BOOL_CONVERSION = YES;
				CLANG_WARN_COMMA = YES;
				CLANG_WARN_CONSTANT_CONVERSION = YES;
				CLANG_WARN_DEPRECATED_OBJC_IMPLEMENTATIONS = YES;
				CLANG_WARN_DIRECT_OBJC_ISA_USAGE = YES_ERROR;
				CLANG_WARN_DOCUMENTATION_COMMENTS = YES;
				CLANG_WARN_EMPTY_BODY = YES;
				CLANG_WARN_ENUM_CONVERSION = YES;
				CLANG_WARN_INFINITE_RECURSION = YES;
				CLANG_WARN_INT_CONVERSION = YES;
				CLANG_WARN_NON_LITERAL_NULL_CONVERSION = YES;
				CLANG_WARN_OBJC_IMPLICIT_RETAIN_SELF = YES;
				CLANG_WARN_OBJC_LITERAL_CONVERSION = YES;
				CLANG_WARN_OBJC_ROOT_CLASS = YES_ERROR;
				CLANG_WARN_QUOTED_INCLUDE_IN_FRAMEWORK_HEADER = YES;
				CLANG_WARN_RANGE_LOOP_ANALYSIS = YES;
				CLANG_WARN_STRICT_PROTOTYPES = YES;
				CLANG_WARN_SUSPICIOUS_MOVE = YES;
				CLANG_WARN_UNGUARDED_AVAILABILITY = YES_AGGRESSIVE;
				CLANG_WARN_UNREACHABLE_CODE = YES;
				CLANG_WARN__DUPLICATE_METHOD_MATCH = YES;
				COPY_PHASE_STRIP = NO;
				DEBUG_INFORMATION_FORMAT = dwarf;
				ENABLE_STRICT_OBJC_MSGSEND = YES;
				ENABLE_TESTABILITY = YES;
				GCC_C_LANGUAGE_STANDARD = gnu11;
				GCC_DYNAMIC_NO_PIC = NO;
				GCC_NO_COMMON_BLOCKS = YES;
				GCC_OPTIMIZATION_LEVEL = 0;
				GCC_PREPROCESSOR_DEFINITIONS = (
					"DEBUG=1",
					"$(inherited)",
				);
				GCC_WARN_64_TO_32_BIT_CONVERSION = YES;
				GCC_WARN_ABOUT_RETURN_TYPE = YES_ERROR;
				GCC_WARN_UNDECLARED_SELECTOR = YES;
				GCC_WARN_UNINITIALIZED_AUTOS = YES_AGGRESSIVE;
				GCC_WARN_UNUSED_FUNCTION = YES;
				GCC_WARN_UNUSED_VARIABLE = YES;
				MACOSX_DEPLOYMENT_TARGET = 11.1;
				MTL_ENABLE_DEBUG_INFO = INCLUDE_SOURCE;
				MTL_FAST_MATH = YES;
				ONLY_ACTIVE_ARCH = YES;
				SDKROOT = macosx;
				SWIFT_ACTIVE_COMPILATION_CONDITIONS = DEBUG;
				SWIFT_OPTIMIZATION_LEVEL = "-Onone";
			};
			name = Debug;
		};
		4A9AB25425A167AE003842F8 /* Release */ = {
			isa = XCBuildConfiguration;
			buildSettings = {
				ALWAYS_SEARCH_USER_PATHS = NO;
				CLANG_ANALYZER_NONNULL = YES;
				CLANG_ANALYZER_NUMBER_OBJECT_CONVERSION = YES_AGGRESSIVE;
				CLANG_CXX_LANGUAGE_STANDARD = "gnu++14";
				CLANG_CXX_LIBRARY = "libc++";
				CLANG_ENABLE_MODULES = YES;
				CLANG_ENABLE_OBJC_ARC = YES;
				CLANG_ENABLE_OBJC_WEAK = YES;
				CLANG_WARN_BLOCK_CAPTURE_AUTORELEASING = YES;
				CLANG_WARN_BOOL_CONVERSION = YES;
				CLANG_WARN_COMMA = YES;
				CLANG_WARN_CONSTANT_CONVERSION = YES;
				CLANG_WARN_DEPRECATED_OBJC_IMPLEMENTATIONS = YES;
				CLANG_WARN_DIRECT_OBJC_ISA_USAGE = YES_ERROR;
				CLANG_WARN_DOCUMENTATION_COMMENTS = YES;
				CLANG_WARN_EMPTY_BODY = YES;
				CLANG_WARN_ENUM_CONVERSION = YES;
				CLANG_WARN_INFINITE_RECURSION = YES;
				CLANG_WARN_INT_CONVERSION = YES;
				CLANG_WARN_NON_LITERAL_NULL_CONVERSION = YES;
				CLANG_WARN_OBJC_IMPLICIT_RETAIN_SELF = YES;
				CLANG_WARN_OBJC_LITERAL_CONVERSION = YES;
				CLANG_WARN_OBJC_ROOT_CLASS = YES_ERROR;
				CLANG_WARN_QUOTED_INCLUDE_IN_FRAMEWORK_HEADER = YES;
				CLANG_WARN_RANGE_LOOP_ANALYSIS = YES;
				CLANG_WARN_STRICT_PROTOTYPES = YES;
				CLANG_WARN_SUSPICIOUS_MOVE = YES;
				CLANG_WARN_UNGUARDED_AVAILABILITY = YES_AGGRESSIVE;
				CLANG_WARN_UNREACHABLE_CODE = YES;
				CLANG_WARN__DUPLICATE_METHOD_MATCH = YES;
				COPY_PHASE_STRIP = NO;
				DEBUG_INFORMATION_FORMAT = "dwarf-with-dsym";
				ENABLE_NS_ASSERTIONS = NO;
				ENABLE_STRICT_OBJC_MSGSEND = YES;
				GCC_C_LANGUAGE_STANDARD = gnu11;
				GCC_NO_COMMON_BLOCKS = YES;
				GCC_WARN_64_TO_32_BIT_CONVERSION = YES;
				GCC_WARN_ABOUT_RETURN_TYPE = YES_ERROR;
				GCC_WARN_UNDECLARED_SELECTOR = YES;
				GCC_WARN_UNINITIALIZED_AUTOS = YES_AGGRESSIVE;
				GCC_WARN_UNUSED_FUNCTION = YES;
				GCC_WARN_UNUSED_VARIABLE = YES;
				MACOSX_DEPLOYMENT_TARGET = 11.1;
				MTL_ENABLE_DEBUG_INFO = NO;
				MTL_FAST_MATH = YES;
				SDKROOT = macosx;
				SWIFT_COMPILATION_MODE = wholemodule;
				SWIFT_OPTIMIZATION_LEVEL = "-O";
			};
			name = Release;
		};
		4A9AB25625A167AE003842F8 /* Debug */ = {
			isa = XCBuildConfiguration;
			buildSettings = {
				ASSETCATALOG_COMPILER_APPICON_NAME = AppIcon;
				ASSETCATALOG_COMPILER_GLOBAL_ACCENT_COLOR_NAME = AccentColor;
				CODE_SIGN_ENTITLEMENTS = OpenSesame/OpenSesame.entitlements;
				CODE_SIGN_STYLE = Automatic;
				COMBINE_HIDPI_IMAGES = YES;
				DEVELOPMENT_TEAM = F2J52QJQ9Y;
				ENABLE_HARDENED_RUNTIME = YES;
				INFOPLIST_FILE = OpenSesame/Info.plist;
				LD_RUNPATH_SEARCH_PATHS = (
					"$(inherited)",
					"@executable_path/../Frameworks",
				);
				PRODUCT_BUNDLE_IDENTIFIER = software.level.OpenSesame;
				PRODUCT_NAME = "$(TARGET_NAME)";
				SWIFT_VERSION = 5.0;
			};
			name = Debug;
		};
		4A9AB25725A167AE003842F8 /* Release */ = {
			isa = XCBuildConfiguration;
			buildSettings = {
				ASSETCATALOG_COMPILER_APPICON_NAME = AppIcon;
				ASSETCATALOG_COMPILER_GLOBAL_ACCENT_COLOR_NAME = AccentColor;
				CODE_SIGN_ENTITLEMENTS = OpenSesame/OpenSesame.entitlements;
				CODE_SIGN_STYLE = Automatic;
				COMBINE_HIDPI_IMAGES = YES;
				DEVELOPMENT_TEAM = F2J52QJQ9Y;
				ENABLE_HARDENED_RUNTIME = YES;
				INFOPLIST_FILE = OpenSesame/Info.plist;
				LD_RUNPATH_SEARCH_PATHS = (
					"$(inherited)",
					"@executable_path/../Frameworks",
				);
				PRODUCT_BUNDLE_IDENTIFIER = software.level.OpenSesame;
				PRODUCT_NAME = "$(TARGET_NAME)";
				SWIFT_VERSION = 5.0;
			};
			name = Release;
		};
/* End XCBuildConfiguration section */

/* Begin XCConfigurationList section */
		4A9AB24225A167AD003842F8 /* Build configuration list for PBXProject "OpenSesame" */ = {
			isa = XCConfigurationList;
			buildConfigurations = (
				4A9AB25325A167AE003842F8 /* Debug */,
				4A9AB25425A167AE003842F8 /* Release */,
			);
			defaultConfigurationIsVisible = 0;
			defaultConfigurationName = Release;
		};
		4A9AB25525A167AE003842F8 /* Build configuration list for PBXNativeTarget "Open Sesame" */ = {
			isa = XCConfigurationList;
			buildConfigurations = (
				4A9AB25625A167AE003842F8 /* Debug */,
				4A9AB25725A167AE003842F8 /* Release */,
			);
			defaultConfigurationIsVisible = 0;
			defaultConfigurationName = Release;
		};
/* End XCConfigurationList section */

/* Begin XCSwiftPackageProductDependency section */
		4AEA100C25A16B1900D0AF31 /* LSFoundation */ = {
			isa = XCSwiftPackageProductDependency;
			productName = LSFoundation;
		};
/* End XCSwiftPackageProductDependency section */
	};
	rootObject = 4A9AB23F25A167AD003842F8 /* Project object */;
}
