// !$*UTF8*$!
{
	archiveVersion = 1;
	classes = {
	};
	objectVersion = 54;
	objects = {

/* Begin PBXBuildFile section */
		4A1DFA8C25A24DF700E5739E /* GeneralPreferencesView.swift in Sources */ = {isa = PBXBuildFile; fileRef = 4A1DFA8A25A24DF700E5739E /* GeneralPreferencesView.swift */; };
		4A3F130C26101BDD0057B7A5 /* DiscordHandler.swift in Sources */ = {isa = PBXBuildFile; fileRef = 4A3F130B26101BDD0057B7A5 /* DiscordHandler.swift */; };
		4A906D6525A168CE00CF2A5F /* LSFoundation in Resources */ = {isa = PBXBuildFile; fileRef = 4A906D6425A168CE00CF2A5F /* LSFoundation */; };
		4A906D6D25A1691900CF2A5F /* URLOpener.swift in Sources */ = {isa = PBXBuildFile; fileRef = 4A906D6C25A1691900CF2A5F /* URLOpener.swift */; };
		4A9AB24B25A167AD003842F8 /* AppDelegate.swift in Sources */ = {isa = PBXBuildFile; fileRef = 4A9AB24A25A167AD003842F8 /* AppDelegate.swift */; };
		4A9AB24D25A167AE003842F8 /* Assets.xcassets in Resources */ = {isa = PBXBuildFile; fileRef = 4A9AB24C25A167AE003842F8 /* Assets.xcassets */; };
		4A9AB25025A167AE003842F8 /* MainMenu.xib in Resources */ = {isa = PBXBuildFile; fileRef = 4A9AB24E25A167AE003842F8 /* MainMenu.xib */; };
		4ADA4F5A25A20F4F00893A0A /* OSLaunchServices.swift in Sources */ = {isa = PBXBuildFile; fileRef = 4ADA4F5925A20F4F00893A0A /* OSLaunchServices.swift */; };
		4ADA4F6025A2187600893A0A /* Settings.swift in Sources */ = {isa = PBXBuildFile; fileRef = 4ADA4F5F25A2187600893A0A /* Settings.swift */; };
		4ADA4F6725A2190800893A0A /* Enablable.swift in Sources */ = {isa = PBXBuildFile; fileRef = 4ADA4F6625A2190800893A0A /* Enablable.swift */; };
		4ADA4F6A25A2198E00893A0A /* StatusItemController.swift in Sources */ = {isa = PBXBuildFile; fileRef = 4ADA4F6925A2198E00893A0A /* StatusItemController.swift */; };
		4ADA4F6E25A21ABB00893A0A /* LocalizedStrings.swift in Sources */ = {isa = PBXBuildFile; fileRef = 4ADA4F6D25A21ABB00893A0A /* LocalizedStrings.swift */; };
		4AE4C9BD25A248E600FDFE28 /* Preferences in Frameworks */ = {isa = PBXBuildFile; productRef = 4AE4C9BC25A248E600FDFE28 /* Preferences */; };
		4AEA100D25A16B1900D0AF31 /* LSFoundation in Frameworks */ = {isa = PBXBuildFile; productRef = 4AEA100C25A16B1900D0AF31 /* LSFoundation */; };
		9B6830DD26BE25A200E2B2BF /* Defaults in Frameworks */ = {isa = PBXBuildFile; productRef = 9B6830DC26BE25A200E2B2BF /* Defaults */; };
		9B9D44BF26C01E22006E606A /* URLHandlerPreferencesView.swift in Sources */ = {isa = PBXBuildFile; fileRef = 9B9D44BE26C01E22006E606A /* URLHandlerPreferencesView.swift */; };
		9B9E5BD726C3EBEE001C7134 /* KnownBundleIdentifier.swift in Sources */ = {isa = PBXBuildFile; fileRef = 9B9E5BD626C3EBEE001C7134 /* KnownBundleIdentifier.swift */; };
		9BD4E0E526BEA7C9008E25EE /* SlackTeam.swift in Sources */ = {isa = PBXBuildFile; fileRef = 9BD4E0E426BEA7C9008E25EE /* SlackTeam.swift */; };
		9BD4E0E826BEB954008E25EE /* KeyboardShortcuts in Frameworks */ = {isa = PBXBuildFile; productRef = 9BD4E0E726BEB954008E25EE /* KeyboardShortcuts */; };
		9BFC66BA26BDF6C900FFCCF5 /* SlackPreferencesView.swift in Sources */ = {isa = PBXBuildFile; fileRef = 9BFC66B926BDF6C900FFCCF5 /* SlackPreferencesView.swift */; };
		F2A1588A25ADF2D4000745EB /* FallbackHandler.swift in Sources */ = {isa = PBXBuildFile; fileRef = F2A1588925ADF2D4000745EB /* FallbackHandler.swift */; };
		F2A1588F25ADF35E000745EB /* URLHandler.swift in Sources */ = {isa = PBXBuildFile; fileRef = F2A1588E25ADF35E000745EB /* URLHandler.swift */; };
		F2A1589725ADF4FE000745EB /* ShortlinkHandler.swift in Sources */ = {isa = PBXBuildFile; fileRef = F2A1589625ADF4FE000745EB /* ShortlinkHandler.swift */; };
		F2A1589A25ADFC84000745EB /* AppleMusicHandler.swift in Sources */ = {isa = PBXBuildFile; fileRef = F2A1589925ADFC84000745EB /* AppleMusicHandler.swift */; };
		F2A1589D25ADFCD9000745EB /* AppStoreHandler.swift in Sources */ = {isa = PBXBuildFile; fileRef = F2A1589C25ADFCD9000745EB /* AppStoreHandler.swift */; };
		F2A158A025AE008F000745EB /* SpotifyHandler.swift in Sources */ = {isa = PBXBuildFile; fileRef = F2A1589F25AE008F000745EB /* SpotifyHandler.swift */; };
		F2A158A425AE027F000745EB /* ZoomHandler.swift in Sources */ = {isa = PBXBuildFile; fileRef = F2A158A325AE027F000745EB /* ZoomHandler.swift */; };
		F2A158A725AE0395000745EB /* AppleNewsHandler.swift in Sources */ = {isa = PBXBuildFile; fileRef = F2A158A625AE0395000745EB /* AppleNewsHandler.swift */; };
		F2A158AA25AE06BA000745EB /* SlackHandler.swift in Sources */ = {isa = PBXBuildFile; fileRef = F2A158A925AE06BA000745EB /* SlackHandler.swift */; };
		F2A158AD25AE079F000745EB /* TwitterHandler.swift in Sources */ = {isa = PBXBuildFile; fileRef = F2A158AC25AE079F000745EB /* TwitterHandler.swift */; };
		F2A158B225AE0AD9000745EB /* URLHandlerDelegate.swift in Sources */ = {isa = PBXBuildFile; fileRef = F2A158B125AE0AD9000745EB /* URLHandlerDelegate.swift */; };
		F2D51616260E7662006E4B08 /* Cocoa.framework in Frameworks */ = {isa = PBXBuildFile; fileRef = F2D51615260E7662006E4B08 /* Cocoa.framework */; };
		F2D51619260E7662006E4B08 /* SafariWebExtensionHandler.swift in Sources */ = {isa = PBXBuildFile; fileRef = F2D51618260E7662006E4B08 /* SafariWebExtensionHandler.swift */; };
		F2D5161C260E7662006E4B08 /* _locales in Resources */ = {isa = PBXBuildFile; fileRef = F2D5161B260E7662006E4B08 /* _locales */; };
		F2D5161E260E7662006E4B08 /* images in Resources */ = {isa = PBXBuildFile; fileRef = F2D5161D260E7662006E4B08 /* images */; };
		F2D51620260E7662006E4B08 /* manifest.json in Resources */ = {isa = PBXBuildFile; fileRef = F2D5161F260E7662006E4B08 /* manifest.json */; };
		F2D51624260E7662006E4B08 /* content.js in Resources */ = {isa = PBXBuildFile; fileRef = F2D51623260E7662006E4B08 /* content.js */; };
		F2D51626260E7662006E4B08 /* popup.html in Resources */ = {isa = PBXBuildFile; fileRef = F2D51625260E7662006E4B08 /* popup.html */; };
		F2D51628260E7662006E4B08 /* popup.css in Resources */ = {isa = PBXBuildFile; fileRef = F2D51627260E7662006E4B08 /* popup.css */; };
		F2D5162A260E7662006E4B08 /* popup.js in Resources */ = {isa = PBXBuildFile; fileRef = F2D51629260E7662006E4B08 /* popup.js */; };
		F2D51639260E7692006E4B08 /* WebExtension.appex in Embed App Extensions */ = {isa = PBXBuildFile; fileRef = F2D51611260E7662006E4B08 /* WebExtension.appex */; settings = {ATTRIBUTES = (RemoveHeadersOnCopy, ); }; };
/* End PBXBuildFile section */

/* Begin PBXContainerItemProxy section */
		F2D5163A260E7692006E4B08 /* PBXContainerItemProxy */ = {
			isa = PBXContainerItemProxy;
			containerPortal = 4A9AB23F25A167AD003842F8 /* Project object */;
			proxyType = 1;
			remoteGlobalIDString = F2D51610260E7662006E4B08;
			remoteInfo = WebExtension;
		};
/* End PBXContainerItemProxy section */

/* Begin PBXCopyFilesBuildPhase section */
		F2D5163C260E7692006E4B08 /* Embed App Extensions */ = {
			isa = PBXCopyFilesBuildPhase;
			buildActionMask = 2147483647;
			dstPath = "";
			dstSubfolderSpec = 13;
			files = (
				F2D51639260E7692006E4B08 /* WebExtension.appex in Embed App Extensions */,
			);
			name = "Embed App Extensions";
			runOnlyForDeploymentPostprocessing = 0;
		};
/* End PBXCopyFilesBuildPhase section */

/* Begin PBXFileReference section */
		4A1DFA8A25A24DF700E5739E /* GeneralPreferencesView.swift */ = {isa = PBXFileReference; lastKnownFileType = sourcecode.swift; path = GeneralPreferencesView.swift; sourceTree = "<group>"; };
		4A3F130B26101BDD0057B7A5 /* DiscordHandler.swift */ = {isa = PBXFileReference; lastKnownFileType = sourcecode.swift; path = DiscordHandler.swift; sourceTree = "<group>"; };
		4A52A37C25A2037A004CAFDB /* TestURLs.md */ = {isa = PBXFileReference; lastKnownFileType = net.daringfireball.markdown; path = TestURLs.md; sourceTree = "<group>"; };
		4A906D6425A168CE00CF2A5F /* LSFoundation */ = {isa = PBXFileReference; lastKnownFileType = folder; name = LSFoundation; path = ../LSFoundation; sourceTree = "<group>"; };
		4A906D6725A168E800CF2A5F /* CHANGELOG.md */ = {isa = PBXFileReference; lastKnownFileType = net.daringfireball.markdown; path = CHANGELOG.md; sourceTree = "<group>"; };
		4A906D6825A168E800CF2A5F /* README.md */ = {isa = PBXFileReference; lastKnownFileType = net.daringfireball.markdown; path = README.md; sourceTree = "<group>"; };
		4A906D6925A168E800CF2A5F /* .swiftlint.yml */ = {isa = PBXFileReference; lastKnownFileType = text.yaml; path = .swiftlint.yml; sourceTree = "<group>"; };
		4A906D6A25A168E800CF2A5F /* .gitignore */ = {isa = PBXFileReference; lastKnownFileType = text; path = .gitignore; sourceTree = "<group>"; };
		4A906D6C25A1691900CF2A5F /* URLOpener.swift */ = {isa = PBXFileReference; fileEncoding = 4; lastKnownFileType = sourcecode.swift; path = URLOpener.swift; sourceTree = "<group>"; };
		4A9AB24725A167AD003842F8 /* Open Sesame.app */ = {isa = PBXFileReference; explicitFileType = wrapper.application; includeInIndex = 0; path = "Open Sesame.app"; sourceTree = BUILT_PRODUCTS_DIR; };
		4A9AB24A25A167AD003842F8 /* AppDelegate.swift */ = {isa = PBXFileReference; lastKnownFileType = sourcecode.swift; path = AppDelegate.swift; sourceTree = "<group>"; };
		4A9AB24C25A167AE003842F8 /* Assets.xcassets */ = {isa = PBXFileReference; lastKnownFileType = folder.assetcatalog; path = Assets.xcassets; sourceTree = "<group>"; };
		4A9AB24F25A167AE003842F8 /* Base */ = {isa = PBXFileReference; lastKnownFileType = file.xib; name = Base; path = Base.lproj/MainMenu.xib; sourceTree = "<group>"; };
		4A9AB25125A167AE003842F8 /* Info.plist */ = {isa = PBXFileReference; lastKnownFileType = text.plist.xml; path = Info.plist; sourceTree = "<group>"; };
		4A9AB25225A167AE003842F8 /* OpenSesame.entitlements */ = {isa = PBXFileReference; lastKnownFileType = text.plist.entitlements; path = OpenSesame.entitlements; sourceTree = "<group>"; };
		4ADA4F5925A20F4F00893A0A /* OSLaunchServices.swift */ = {isa = PBXFileReference; lastKnownFileType = sourcecode.swift; path = OSLaunchServices.swift; sourceTree = "<group>"; };
		4ADA4F5F25A2187600893A0A /* Settings.swift */ = {isa = PBXFileReference; lastKnownFileType = sourcecode.swift; path = Settings.swift; sourceTree = "<group>"; };
		4ADA4F6625A2190800893A0A /* Enablable.swift */ = {isa = PBXFileReference; lastKnownFileType = sourcecode.swift; path = Enablable.swift; sourceTree = "<group>"; };
		4ADA4F6925A2198E00893A0A /* StatusItemController.swift */ = {isa = PBXFileReference; lastKnownFileType = sourcecode.swift; path = StatusItemController.swift; sourceTree = "<group>"; };
		4ADA4F6D25A21ABB00893A0A /* LocalizedStrings.swift */ = {isa = PBXFileReference; lastKnownFileType = sourcecode.swift; path = LocalizedStrings.swift; sourceTree = "<group>"; };
		9B9D44BE26C01E22006E606A /* URLHandlerPreferencesView.swift */ = {isa = PBXFileReference; lastKnownFileType = sourcecode.swift; path = URLHandlerPreferencesView.swift; sourceTree = "<group>"; };
		9B9E5BD626C3EBEE001C7134 /* KnownBundleIdentifier.swift */ = {isa = PBXFileReference; lastKnownFileType = sourcecode.swift; path = KnownBundleIdentifier.swift; sourceTree = "<group>"; };
		9BD4E0E426BEA7C9008E25EE /* SlackTeam.swift */ = {isa = PBXFileReference; lastKnownFileType = sourcecode.swift; path = SlackTeam.swift; sourceTree = "<group>"; };
		9BFC66B926BDF6C900FFCCF5 /* SlackPreferencesView.swift */ = {isa = PBXFileReference; lastKnownFileType = sourcecode.swift; path = SlackPreferencesView.swift; sourceTree = "<group>"; };
		F2A1588925ADF2D4000745EB /* FallbackHandler.swift */ = {isa = PBXFileReference; lastKnownFileType = sourcecode.swift; path = FallbackHandler.swift; sourceTree = "<group>"; };
		F2A1588E25ADF35E000745EB /* URLHandler.swift */ = {isa = PBXFileReference; lastKnownFileType = sourcecode.swift; path = URLHandler.swift; sourceTree = "<group>"; };
		F2A1589625ADF4FE000745EB /* ShortlinkHandler.swift */ = {isa = PBXFileReference; lastKnownFileType = sourcecode.swift; path = ShortlinkHandler.swift; sourceTree = "<group>"; };
		F2A1589925ADFC84000745EB /* AppleMusicHandler.swift */ = {isa = PBXFileReference; lastKnownFileType = sourcecode.swift; path = AppleMusicHandler.swift; sourceTree = "<group>"; };
		F2A1589C25ADFCD9000745EB /* AppStoreHandler.swift */ = {isa = PBXFileReference; lastKnownFileType = sourcecode.swift; path = AppStoreHandler.swift; sourceTree = "<group>"; };
		F2A1589F25AE008F000745EB /* SpotifyHandler.swift */ = {isa = PBXFileReference; lastKnownFileType = sourcecode.swift; path = SpotifyHandler.swift; sourceTree = "<group>"; };
		F2A158A325AE027F000745EB /* ZoomHandler.swift */ = {isa = PBXFileReference; lastKnownFileType = sourcecode.swift; path = ZoomHandler.swift; sourceTree = "<group>"; };
		F2A158A625AE0395000745EB /* AppleNewsHandler.swift */ = {isa = PBXFileReference; lastKnownFileType = sourcecode.swift; path = AppleNewsHandler.swift; sourceTree = "<group>"; };
		F2A158A925AE06BA000745EB /* SlackHandler.swift */ = {isa = PBXFileReference; lastKnownFileType = sourcecode.swift; path = SlackHandler.swift; sourceTree = "<group>"; };
		F2A158AC25AE079F000745EB /* TwitterHandler.swift */ = {isa = PBXFileReference; lastKnownFileType = sourcecode.swift; path = TwitterHandler.swift; sourceTree = "<group>"; };
		F2A158B125AE0AD9000745EB /* URLHandlerDelegate.swift */ = {isa = PBXFileReference; lastKnownFileType = sourcecode.swift; path = URLHandlerDelegate.swift; sourceTree = "<group>"; };
		F2D51611260E7662006E4B08 /* WebExtension.appex */ = {isa = PBXFileReference; explicitFileType = "wrapper.app-extension"; includeInIndex = 0; path = WebExtension.appex; sourceTree = BUILT_PRODUCTS_DIR; };
		F2D51615260E7662006E4B08 /* Cocoa.framework */ = {isa = PBXFileReference; lastKnownFileType = wrapper.framework; name = Cocoa.framework; path = System/Library/Frameworks/Cocoa.framework; sourceTree = SDKROOT; };
		F2D51618260E7662006E4B08 /* SafariWebExtensionHandler.swift */ = {isa = PBXFileReference; lastKnownFileType = sourcecode.swift; path = SafariWebExtensionHandler.swift; sourceTree = "<group>"; };
		F2D5161B260E7662006E4B08 /* _locales */ = {isa = PBXFileReference; lastKnownFileType = folder; path = _locales; sourceTree = "<group>"; };
		F2D5161D260E7662006E4B08 /* images */ = {isa = PBXFileReference; lastKnownFileType = folder; path = images; sourceTree = "<group>"; };
		F2D5161F260E7662006E4B08 /* manifest.json */ = {isa = PBXFileReference; lastKnownFileType = text.json; path = manifest.json; sourceTree = "<group>"; };
		F2D51623260E7662006E4B08 /* content.js */ = {isa = PBXFileReference; lastKnownFileType = sourcecode.javascript; path = content.js; sourceTree = "<group>"; };
		F2D51625260E7662006E4B08 /* popup.html */ = {isa = PBXFileReference; lastKnownFileType = text.html; path = popup.html; sourceTree = "<group>"; };
		F2D51627260E7662006E4B08 /* popup.css */ = {isa = PBXFileReference; lastKnownFileType = text.css; path = popup.css; sourceTree = "<group>"; };
		F2D51629260E7662006E4B08 /* popup.js */ = {isa = PBXFileReference; lastKnownFileType = sourcecode.javascript; path = popup.js; sourceTree = "<group>"; };
		F2D5162B260E7662006E4B08 /* Info.plist */ = {isa = PBXFileReference; lastKnownFileType = text.plist.xml; path = Info.plist; sourceTree = "<group>"; };
		F2D5162C260E7662006E4B08 /* WebExtension.entitlements */ = {isa = PBXFileReference; lastKnownFileType = text.plist.entitlements; path = WebExtension.entitlements; sourceTree = "<group>"; };
/* End PBXFileReference section */

/* Begin PBXFrameworksBuildPhase section */
		4A9AB24425A167AD003842F8 /* Frameworks */ = {
			isa = PBXFrameworksBuildPhase;
			buildActionMask = 2147483647;
			files = (
				9B6830DD26BE25A200E2B2BF /* Defaults in Frameworks */,
				9BD4E0E826BEB954008E25EE /* KeyboardShortcuts in Frameworks */,
				4AEA100D25A16B1900D0AF31 /* LSFoundation in Frameworks */,
				4AE4C9BD25A248E600FDFE28 /* Preferences in Frameworks */,
			);
			runOnlyForDeploymentPostprocessing = 0;
		};
		F2D5160E260E7662006E4B08 /* Frameworks */ = {
			isa = PBXFrameworksBuildPhase;
			buildActionMask = 2147483647;
			files = (
				F2D51616260E7662006E4B08 /* Cocoa.framework in Frameworks */,
			);
			runOnlyForDeploymentPostprocessing = 0;
		};
/* End PBXFrameworksBuildPhase section */

/* Begin PBXGroup section */
		4A9AB23E25A167AD003842F8 = {
			isa = PBXGroup;
			children = (
				4A906D6825A168E800CF2A5F /* README.md */,
				4A906D6725A168E800CF2A5F /* CHANGELOG.md */,
				4A906D6925A168E800CF2A5F /* .swiftlint.yml */,
				4A906D6A25A168E800CF2A5F /* .gitignore */,
				4A9AB24925A167AD003842F8 /* OpenSesame */,
				F2D51617260E7662006E4B08 /* WebExtension */,
				4A906D6425A168CE00CF2A5F /* LSFoundation */,
				4A9AB24825A167AD003842F8 /* Products */,
				4AEA100B25A16B1900D0AF31 /* Frameworks */,
			);
			sourceTree = "<group>";
		};
		4A9AB24825A167AD003842F8 /* Products */ = {
			isa = PBXGroup;
			children = (
				4A9AB24725A167AD003842F8 /* Open Sesame.app */,
				F2D51611260E7662006E4B08 /* WebExtension.appex */,
			);
			name = Products;
			sourceTree = "<group>";
		};
		4A9AB24925A167AD003842F8 /* OpenSesame */ = {
			isa = PBXGroup;
			children = (
				4A9AB24A25A167AD003842F8 /* AppDelegate.swift */,
				4ADA4F6925A2198E00893A0A /* StatusItemController.swift */,
				4ADA4F6D25A21ABB00893A0A /* LocalizedStrings.swift */,
				4ADA4F6625A2190800893A0A /* Enablable.swift */,
				4ADA4F5925A20F4F00893A0A /* OSLaunchServices.swift */,
				4AE4C9BA25A248C800FDFE28 /* Preferences */,
				F2A1588725ADF25F000745EB /* URL Handlers */,
				4A9AB24C25A167AE003842F8 /* Assets.xcassets */,
				4A9AB24E25A167AE003842F8 /* MainMenu.xib */,
				4A9AB25125A167AE003842F8 /* Info.plist */,
				4A9AB25225A167AE003842F8 /* OpenSesame.entitlements */,
				4A52A37C25A2037A004CAFDB /* TestURLs.md */,
			);
			path = OpenSesame;
			sourceTree = "<group>";
		};
		4AE4C9BA25A248C800FDFE28 /* Preferences */ = {
			isa = PBXGroup;
			children = (
				4ADA4F5F25A2187600893A0A /* Settings.swift */,
				4A1DFA8A25A24DF700E5739E /* GeneralPreferencesView.swift */,
				9BFC66B926BDF6C900FFCCF5 /* SlackPreferencesView.swift */,
				9B9D44BE26C01E22006E606A /* URLHandlerPreferencesView.swift */,
			);
			path = Preferences;
			sourceTree = "<group>";
		};
		4AEA100B25A16B1900D0AF31 /* Frameworks */ = {
			isa = PBXGroup;
			children = (
				F2D51615260E7662006E4B08 /* Cocoa.framework */,
			);
			name = Frameworks;
			sourceTree = "<group>";
		};
		9BD4E0E326BEA7BC008E25EE /* Slack */ = {
			isa = PBXGroup;
			children = (
				F2A158A925AE06BA000745EB /* SlackHandler.swift */,
				9BD4E0E426BEA7C9008E25EE /* SlackTeam.swift */,
			);
			path = Slack;
			sourceTree = "<group>";
		};
		F2A1588725ADF25F000745EB /* URL Handlers */ = {
			isa = PBXGroup;
			children = (
				9BD4E0E326BEA7BC008E25EE /* Slack */,
				4A906D6C25A1691900CF2A5F /* URLOpener.swift */,
				9B9E5BD626C3EBEE001C7134 /* KnownBundleIdentifier.swift */,
				F2A158B125AE0AD9000745EB /* URLHandlerDelegate.swift */,
				F2A1588E25ADF35E000745EB /* URLHandler.swift */,
				F2A1588925ADF2D4000745EB /* FallbackHandler.swift */,
				F2A1589625ADF4FE000745EB /* ShortlinkHandler.swift */,
				F2A1589925ADFC84000745EB /* AppleMusicHandler.swift */,
				F2A158A625AE0395000745EB /* AppleNewsHandler.swift */,
				F2A1589C25ADFCD9000745EB /* AppStoreHandler.swift */,
				4A3F130B26101BDD0057B7A5 /* DiscordHandler.swift */,
				F2A1589F25AE008F000745EB /* SpotifyHandler.swift */,
				F2A158A325AE027F000745EB /* ZoomHandler.swift */,
				F2A158AC25AE079F000745EB /* TwitterHandler.swift */,
			);
			path = "URL Handlers";
			sourceTree = "<group>";
		};
		F2D51617260E7662006E4B08 /* WebExtension */ = {
			isa = PBXGroup;
			children = (
				F2D51618260E7662006E4B08 /* SafariWebExtensionHandler.swift */,
				F2D5162B260E7662006E4B08 /* Info.plist */,
				F2D5162C260E7662006E4B08 /* WebExtension.entitlements */,
				F2D5161A260E7662006E4B08 /* Resources */,
			);
			path = WebExtension;
			sourceTree = "<group>";
		};
		F2D5161A260E7662006E4B08 /* Resources */ = {
			isa = PBXGroup;
			children = (
				F2D5161B260E7662006E4B08 /* _locales */,
				F2D5161D260E7662006E4B08 /* images */,
				F2D5161F260E7662006E4B08 /* manifest.json */,
				F2D51623260E7662006E4B08 /* content.js */,
				F2D51625260E7662006E4B08 /* popup.html */,
				F2D51627260E7662006E4B08 /* popup.css */,
				F2D51629260E7662006E4B08 /* popup.js */,
			);
			path = Resources;
			sourceTree = "<group>";
		};
/* End PBXGroup section */

/* Begin PBXNativeTarget section */
		4A9AB24625A167AD003842F8 /* Open Sesame */ = {
			isa = PBXNativeTarget;
			buildConfigurationList = 4A9AB25525A167AE003842F8 /* Build configuration list for PBXNativeTarget "Open Sesame" */;
			buildPhases = (
				4A9CD37E268C0A03009F2D89 /* Run SwiftLint */,
				4A9AB24325A167AD003842F8 /* Sources */,
				4A9AB24425A167AD003842F8 /* Frameworks */,
				4A9AB24525A167AD003842F8 /* Resources */,
				F2D5163C260E7692006E4B08 /* Embed App Extensions */,
			);
			buildRules = (
			);
			dependencies = (
				F2D5163B260E7692006E4B08 /* PBXTargetDependency */,
			);
			name = "Open Sesame";
			packageProductDependencies = (
				4AEA100C25A16B1900D0AF31 /* LSFoundation */,
				4AE4C9BC25A248E600FDFE28 /* Preferences */,
				9B6830DC26BE25A200E2B2BF /* Defaults */,
				9BD4E0E726BEB954008E25EE /* KeyboardShortcuts */,
			);
			productName = OpenSesame;
			productReference = 4A9AB24725A167AD003842F8 /* Open Sesame.app */;
			productType = "com.apple.product-type.application";
		};
		F2D51610260E7662006E4B08 /* WebExtension */ = {
			isa = PBXNativeTarget;
			buildConfigurationList = F2D51632260E7662006E4B08 /* Build configuration list for PBXNativeTarget "WebExtension" */;
			buildPhases = (
				F2D5160D260E7662006E4B08 /* Sources */,
				F2D5160E260E7662006E4B08 /* Frameworks */,
				F2D5160F260E7662006E4B08 /* Resources */,
			);
			buildRules = (
			);
			dependencies = (
			);
			name = WebExtension;
			productName = "OpenSesameExtension Extension";
			productReference = F2D51611260E7662006E4B08 /* WebExtension.appex */;
			productType = "com.apple.product-type.app-extension";
		};
/* End PBXNativeTarget section */

/* Begin PBXProject section */
		4A9AB23F25A167AD003842F8 /* Project object */ = {
			isa = PBXProject;
			attributes = {
				BuildIndependentTargetsInParallel = YES;
				LastSwiftUpdateCheck = 1240;
				LastUpgradeCheck = 1240;
				TargetAttributes = {
					4A9AB24625A167AD003842F8 = {
						CreatedOnToolsVersion = 12.3;
					};
					F2D51610260E7662006E4B08 = {
						CreatedOnToolsVersion = 12.4;
					};
				};
			};
			buildConfigurationList = 4A9AB24225A167AD003842F8 /* Build configuration list for PBXProject "OpenSesame" */;
			compatibilityVersion = "Xcode 12.0";
			developmentRegion = en;
			hasScannedForEncodings = 0;
			knownRegions = (
				en,
				Base,
			);
			mainGroup = 4A9AB23E25A167AD003842F8;
			packageReferences = (
				4AE4C9BB25A248E600FDFE28 /* XCRemoteSwiftPackageReference "Preferences" */,
				9B6830DB26BE25A200E2B2BF /* XCRemoteSwiftPackageReference "Defaults" */,
				9BD4E0E626BEB954008E25EE /* XCRemoteSwiftPackageReference "KeyboardShortcuts" */,
			);
			productRefGroup = 4A9AB24825A167AD003842F8 /* Products */;
			projectDirPath = "";
			projectRoot = "";
			targets = (
				4A9AB24625A167AD003842F8 /* Open Sesame */,
				F2D51610260E7662006E4B08 /* WebExtension */,
			);
		};
/* End PBXProject section */

/* Begin PBXResourcesBuildPhase section */
		4A9AB24525A167AD003842F8 /* Resources */ = {
			isa = PBXResourcesBuildPhase;
			buildActionMask = 2147483647;
			files = (
				4A906D6525A168CE00CF2A5F /* LSFoundation in Resources */,
				4A9AB24D25A167AE003842F8 /* Assets.xcassets in Resources */,
				4A9AB25025A167AE003842F8 /* MainMenu.xib in Resources */,
			);
			runOnlyForDeploymentPostprocessing = 0;
		};
		F2D5160F260E7662006E4B08 /* Resources */ = {
			isa = PBXResourcesBuildPhase;
			buildActionMask = 2147483647;
			files = (
				F2D51628260E7662006E4B08 /* popup.css in Resources */,
				F2D51626260E7662006E4B08 /* popup.html in Resources */,
				F2D5161E260E7662006E4B08 /* images in Resources */,
				F2D51620260E7662006E4B08 /* manifest.json in Resources */,
				F2D5161C260E7662006E4B08 /* _locales in Resources */,
				F2D51624260E7662006E4B08 /* content.js in Resources */,
				F2D5162A260E7662006E4B08 /* popup.js in Resources */,
			);
			runOnlyForDeploymentPostprocessing = 0;
		};
/* End PBXResourcesBuildPhase section */

/* Begin PBXShellScriptBuildPhase section */
		4A9CD37E268C0A03009F2D89 /* Run SwiftLint */ = {
			isa = PBXShellScriptBuildPhase;
			buildActionMask = 2147483647;
			files = (
			);
			inputFileListPaths = (
			);
			inputPaths = (
			);
			name = "Run SwiftLint";
			outputFileListPaths = (
			);
			outputPaths = (
			);
			runOnlyForDeploymentPostprocessing = 0;
			shellPath = /bin/sh;
			shellScript = "# Support for M1 Macs: Homebrew is installed on /opt/homebrew/ by default\nPATH=/opt/homebrew/bin/:$PATH\n\nif which swiftlint >/dev/null; then\n  swiftlint\nelse\n  echo \"warning: SwiftLint not installed, download from https://github.com/realm/SwiftLint\"\nfi\n";
		};
/* End PBXShellScriptBuildPhase section */

/* Begin PBXSourcesBuildPhase section */
		4A9AB24325A167AD003842F8 /* Sources */ = {
			isa = PBXSourcesBuildPhase;
			buildActionMask = 2147483647;
			files = (
				9B9E5BD726C3EBEE001C7134 /* KnownBundleIdentifier.swift in Sources */,
				F2A158AD25AE079F000745EB /* TwitterHandler.swift in Sources */,
				F2A158A725AE0395000745EB /* AppleNewsHandler.swift in Sources */,
				F2A1589725ADF4FE000745EB /* ShortlinkHandler.swift in Sources */,
				F2A158B225AE0AD9000745EB /* URLHandlerDelegate.swift in Sources */,
				4A1DFA8C25A24DF700E5739E /* GeneralPreferencesView.swift in Sources */,
				4ADA4F6725A2190800893A0A /* Enablable.swift in Sources */,
				9B9D44BF26C01E22006E606A /* URLHandlerPreferencesView.swift in Sources */,
				9BFC66BA26BDF6C900FFCCF5 /* SlackPreferencesView.swift in Sources */,
				F2A158AA25AE06BA000745EB /* SlackHandler.swift in Sources */,
				4ADA4F6A25A2198E00893A0A /* StatusItemController.swift in Sources */,
				F2A1588A25ADF2D4000745EB /* FallbackHandler.swift in Sources */,
				4ADA4F6E25A21ABB00893A0A /* LocalizedStrings.swift in Sources */,
				F2A1589A25ADFC84000745EB /* AppleMusicHandler.swift in Sources */,
				F2A1589D25ADFCD9000745EB /* AppStoreHandler.swift in Sources */,
				4A906D6D25A1691900CF2A5F /* URLOpener.swift in Sources */,
				9BD4E0E526BEA7C9008E25EE /* SlackTeam.swift in Sources */,
				F2A158A025AE008F000745EB /* SpotifyHandler.swift in Sources */,
				4ADA4F5A25A20F4F00893A0A /* OSLaunchServices.swift in Sources */,
				4A3F130C26101BDD0057B7A5 /* DiscordHandler.swift in Sources */,
				F2A158A425AE027F000745EB /* ZoomHandler.swift in Sources */,
				4ADA4F6025A2187600893A0A /* Settings.swift in Sources */,
				F2A1588F25ADF35E000745EB /* URLHandler.swift in Sources */,
				4A9AB24B25A167AD003842F8 /* AppDelegate.swift in Sources */,
			);
			runOnlyForDeploymentPostprocessing = 0;
		};
		F2D5160D260E7662006E4B08 /* Sources */ = {
			isa = PBXSourcesBuildPhase;
			buildActionMask = 2147483647;
			files = (
				F2D51619260E7662006E4B08 /* SafariWebExtensionHandler.swift in Sources */,
			);
			runOnlyForDeploymentPostprocessing = 0;
		};
/* End PBXSourcesBuildPhase section */

/* Begin PBXTargetDependency section */
		F2D5163B260E7692006E4B08 /* PBXTargetDependency */ = {
			isa = PBXTargetDependency;
			target = F2D51610260E7662006E4B08 /* WebExtension */;
			targetProxy = F2D5163A260E7692006E4B08 /* PBXContainerItemProxy */;
		};
/* End PBXTargetDependency section */

/* Begin PBXVariantGroup section */
		4A9AB24E25A167AE003842F8 /* MainMenu.xib */ = {
			isa = PBXVariantGroup;
			children = (
				4A9AB24F25A167AE003842F8 /* Base */,
			);
			name = MainMenu.xib;
			sourceTree = "<group>";
		};
/* End PBXVariantGroup section */

/* Begin XCBuildConfiguration section */
		4A9AB25325A167AE003842F8 /* Debug */ = {
			isa = XCBuildConfiguration;
			buildSettings = {
				ALWAYS_SEARCH_USER_PATHS = NO;
				CLANG_ANALYZER_NONNULL = YES;
				CLANG_ANALYZER_NUMBER_OBJECT_CONVERSION = YES_AGGRESSIVE;
				CLANG_CXX_LANGUAGE_STANDARD = "gnu++14";
				CLANG_CXX_LIBRARY = "libc++";
				CLANG_ENABLE_MODULES = YES;
				CLANG_ENABLE_OBJC_ARC = YES;
				CLANG_ENABLE_OBJC_WEAK = YES;
				CLANG_WARN_BLOCK_CAPTURE_AUTORELEASING = YES;
				CLANG_WARN_BOOL_CONVERSION = YES;
				CLANG_WARN_COMMA = YES;
				CLANG_WARN_CONSTANT_CONVERSION = YES;
				CLANG_WARN_DEPRECATED_OBJC_IMPLEMENTATIONS = YES;
				CLANG_WARN_DIRECT_OBJC_ISA_USAGE = YES_ERROR;
				CLANG_WARN_DOCUMENTATION_COMMENTS = YES;
				CLANG_WARN_EMPTY_BODY = YES;
				CLANG_WARN_ENUM_CONVERSION = YES;
				CLANG_WARN_INFINITE_RECURSION = YES;
				CLANG_WARN_INT_CONVERSION = YES;
				CLANG_WARN_NON_LITERAL_NULL_CONVERSION = YES;
				CLANG_WARN_OBJC_IMPLICIT_RETAIN_SELF = YES;
				CLANG_WARN_OBJC_LITERAL_CONVERSION = YES;
				CLANG_WARN_OBJC_ROOT_CLASS = YES_ERROR;
				CLANG_WARN_QUOTED_INCLUDE_IN_FRAMEWORK_HEADER = YES;
				CLANG_WARN_RANGE_LOOP_ANALYSIS = YES;
				CLANG_WARN_STRICT_PROTOTYPES = YES;
				CLANG_WARN_SUSPICIOUS_MOVE = YES;
				CLANG_WARN_UNGUARDED_AVAILABILITY = YES_AGGRESSIVE;
				CLANG_WARN_UNREACHABLE_CODE = YES;
				CLANG_WARN__DUPLICATE_METHOD_MATCH = YES;
				COPY_PHASE_STRIP = NO;
				DEBUG_INFORMATION_FORMAT = dwarf;
				ENABLE_STRICT_OBJC_MSGSEND = YES;
				ENABLE_TESTABILITY = YES;
				GCC_C_LANGUAGE_STANDARD = gnu11;
				GCC_DYNAMIC_NO_PIC = NO;
				GCC_NO_COMMON_BLOCKS = YES;
				GCC_OPTIMIZATION_LEVEL = 0;
				GCC_PREPROCESSOR_DEFINITIONS = (
					"DEBUG=1",
					"$(inherited)",
				);
				GCC_WARN_64_TO_32_BIT_CONVERSION = YES;
				GCC_WARN_ABOUT_RETURN_TYPE = YES_ERROR;
				GCC_WARN_UNDECLARED_SELECTOR = YES;
				GCC_WARN_UNINITIALIZED_AUTOS = YES_AGGRESSIVE;
				GCC_WARN_UNUSED_FUNCTION = YES;
				GCC_WARN_UNUSED_VARIABLE = YES;
				MACOSX_DEPLOYMENT_TARGET = 11.0;
				MTL_ENABLE_DEBUG_INFO = INCLUDE_SOURCE;
				MTL_FAST_MATH = YES;
				ONLY_ACTIVE_ARCH = YES;
				SDKROOT = macosx;
				SWIFT_ACTIVE_COMPILATION_CONDITIONS = DEBUG;
				SWIFT_OPTIMIZATION_LEVEL = "-Onone";
				SWIFT_VERSION = 5.0;
			};
			name = Debug;
		};
		4A9AB25425A167AE003842F8 /* Release */ = {
			isa = XCBuildConfiguration;
			buildSettings = {
				ALWAYS_SEARCH_USER_PATHS = NO;
				CLANG_ANALYZER_NONNULL = YES;
				CLANG_ANALYZER_NUMBER_OBJECT_CONVERSION = YES_AGGRESSIVE;
				CLANG_CXX_LANGUAGE_STANDARD = "gnu++14";
				CLANG_CXX_LIBRARY = "libc++";
				CLANG_ENABLE_MODULES = YES;
				CLANG_ENABLE_OBJC_ARC = YES;
				CLANG_ENABLE_OBJC_WEAK = YES;
				CLANG_WARN_BLOCK_CAPTURE_AUTORELEASING = YES;
				CLANG_WARN_BOOL_CONVERSION = YES;
				CLANG_WARN_COMMA = YES;
				CLANG_WARN_CONSTANT_CONVERSION = YES;
				CLANG_WARN_DEPRECATED_OBJC_IMPLEMENTATIONS = YES;
				CLANG_WARN_DIRECT_OBJC_ISA_USAGE = YES_ERROR;
				CLANG_WARN_DOCUMENTATION_COMMENTS = YES;
				CLANG_WARN_EMPTY_BODY = YES;
				CLANG_WARN_ENUM_CONVERSION = YES;
				CLANG_WARN_INFINITE_RECURSION = YES;
				CLANG_WARN_INT_CONVERSION = YES;
				CLANG_WARN_NON_LITERAL_NULL_CONVERSION = YES;
				CLANG_WARN_OBJC_IMPLICIT_RETAIN_SELF = YES;
				CLANG_WARN_OBJC_LITERAL_CONVERSION = YES;
				CLANG_WARN_OBJC_ROOT_CLASS = YES_ERROR;
				CLANG_WARN_QUOTED_INCLUDE_IN_FRAMEWORK_HEADER = YES;
				CLANG_WARN_RANGE_LOOP_ANALYSIS = YES;
				CLANG_WARN_STRICT_PROTOTYPES = YES;
				CLANG_WARN_SUSPICIOUS_MOVE = YES;
				CLANG_WARN_UNGUARDED_AVAILABILITY = YES_AGGRESSIVE;
				CLANG_WARN_UNREACHABLE_CODE = YES;
				CLANG_WARN__DUPLICATE_METHOD_MATCH = YES;
				COPY_PHASE_STRIP = NO;
				DEBUG_INFORMATION_FORMAT = "dwarf-with-dsym";
				ENABLE_NS_ASSERTIONS = NO;
				ENABLE_STRICT_OBJC_MSGSEND = YES;
				GCC_C_LANGUAGE_STANDARD = gnu11;
				GCC_NO_COMMON_BLOCKS = YES;
				GCC_WARN_64_TO_32_BIT_CONVERSION = YES;
				GCC_WARN_ABOUT_RETURN_TYPE = YES_ERROR;
				GCC_WARN_UNDECLARED_SELECTOR = YES;
				GCC_WARN_UNINITIALIZED_AUTOS = YES_AGGRESSIVE;
				GCC_WARN_UNUSED_FUNCTION = YES;
				GCC_WARN_UNUSED_VARIABLE = YES;
				MACOSX_DEPLOYMENT_TARGET = 11.0;
				MTL_ENABLE_DEBUG_INFO = NO;
				MTL_FAST_MATH = YES;
				SDKROOT = macosx;
				SWIFT_COMPILATION_MODE = wholemodule;
				SWIFT_OPTIMIZATION_LEVEL = "-O";
				SWIFT_VERSION = 5.0;
			};
			name = Release;
		};
		4A9AB25625A167AE003842F8 /* Debug */ = {
			isa = XCBuildConfiguration;
			buildSettings = {
				ASSETCATALOG_COMPILER_APPICON_NAME = AppIcon;
				ASSETCATALOG_COMPILER_GLOBAL_ACCENT_COLOR_NAME = AccentColor;
				CODE_SIGN_ENTITLEMENTS = OpenSesame/OpenSesame.entitlements;
				CODE_SIGN_IDENTITY = "Apple Development";
				CODE_SIGN_STYLE = Automatic;
				COMBINE_HIDPI_IMAGES = YES;
				DEVELOPMENT_TEAM = F2J52QJQ9Y;
				ENABLE_HARDENED_RUNTIME = YES;
				INFOPLIST_FILE = OpenSesame/Info.plist;
				LD_RUNPATH_SEARCH_PATHS = (
					"$(inherited)",
					"@executable_path/../Frameworks",
				);
				PRODUCT_BUNDLE_IDENTIFIER = software.level.OpenSesame;
				PRODUCT_NAME = "$(TARGET_NAME)";
			};
			name = Debug;
		};
		4A9AB25725A167AE003842F8 /* Release */ = {
			isa = XCBuildConfiguration;
			buildSettings = {
				ASSETCATALOG_COMPILER_APPICON_NAME = AppIcon;
				ASSETCATALOG_COMPILER_GLOBAL_ACCENT_COLOR_NAME = AccentColor;
				CODE_SIGN_ENTITLEMENTS = OpenSesame/OpenSesame.entitlements;
				CODE_SIGN_IDENTITY = "Apple Development";
				CODE_SIGN_STYLE = Automatic;
				COMBINE_HIDPI_IMAGES = YES;
				DEVELOPMENT_TEAM = F2J52QJQ9Y;
				ENABLE_HARDENED_RUNTIME = YES;
				INFOPLIST_FILE = OpenSesame/Info.plist;
				LD_RUNPATH_SEARCH_PATHS = (
					"$(inherited)",
					"@executable_path/../Frameworks",
				);
				PRODUCT_BUNDLE_IDENTIFIER = software.level.OpenSesame;
				PRODUCT_NAME = "$(TARGET_NAME)";
			};
			name = Release;
		};
		F2D51630260E7662006E4B08 /* Debug */ = {
			isa = XCBuildConfiguration;
			buildSettings = {
				CODE_SIGN_ENTITLEMENTS = WebExtension/WebExtension.entitlements;
				CODE_SIGN_IDENTITY = "Apple Development";
				CODE_SIGN_STYLE = Automatic;
				DEVELOPMENT_TEAM = F2J52QJQ9Y;
				ENABLE_HARDENED_RUNTIME = YES;
				INFOPLIST_FILE = WebExtension/Info.plist;
				LD_RUNPATH_SEARCH_PATHS = (
					"$(inherited)",
					"@executable_path/../Frameworks",
					"@executable_path/../../../../Frameworks",
				);
				PRODUCT_BUNDLE_IDENTIFIER = software.level.OpenSesame.WebExtension;
				PRODUCT_NAME = "$(TARGET_NAME)";
				SKIP_INSTALL = YES;
			};
			name = Debug;
		};
		F2D51631260E7662006E4B08 /* Release */ = {
			isa = XCBuildConfiguration;
			buildSettings = {
				CODE_SIGN_ENTITLEMENTS = WebExtension/WebExtension.entitlements;
				CODE_SIGN_IDENTITY = "Apple Development";
				CODE_SIGN_STYLE = Automatic;
				DEVELOPMENT_TEAM = F2J52QJQ9Y;
				ENABLE_HARDENED_RUNTIME = YES;
				INFOPLIST_FILE = WebExtension/Info.plist;
				LD_RUNPATH_SEARCH_PATHS = (
					"$(inherited)",
					"@executable_path/../Frameworks",
					"@executable_path/../../../../Frameworks",
				);
				PRODUCT_BUNDLE_IDENTIFIER = software.level.OpenSesame.WebExtension;
				PRODUCT_NAME = "$(TARGET_NAME)";
				SKIP_INSTALL = YES;
			};
			name = Release;
		};
/* End XCBuildConfiguration section */

/* Begin XCConfigurationList section */
		4A9AB24225A167AD003842F8 /* Build configuration list for PBXProject "OpenSesame" */ = {
			isa = XCConfigurationList;
			buildConfigurations = (
				4A9AB25325A167AE003842F8 /* Debug */,
				4A9AB25425A167AE003842F8 /* Release */,
			);
			defaultConfigurationIsVisible = 0;
			defaultConfigurationName = Debug;
		};
		4A9AB25525A167AE003842F8 /* Build configuration list for PBXNativeTarget "Open Sesame" */ = {
			isa = XCConfigurationList;
			buildConfigurations = (
				4A9AB25625A167AE003842F8 /* Debug */,
				4A9AB25725A167AE003842F8 /* Release */,
			);
			defaultConfigurationIsVisible = 0;
			defaultConfigurationName = Debug;
		};
		F2D51632260E7662006E4B08 /* Build configuration list for PBXNativeTarget "WebExtension" */ = {
			isa = XCConfigurationList;
			buildConfigurations = (
				F2D51630260E7662006E4B08 /* Debug */,
				F2D51631260E7662006E4B08 /* Release */,
			);
			defaultConfigurationIsVisible = 0;
			defaultConfigurationName = Debug;
		};
/* End XCConfigurationList section */

/* Begin XCRemoteSwiftPackageReference section */
		4AE4C9BB25A248E600FDFE28 /* XCRemoteSwiftPackageReference "Preferences" */ = {
			isa = XCRemoteSwiftPackageReference;
			repositoryURL = "https://github.com/sindresorhus/Preferences";
			requirement = {
				kind = upToNextMajorVersion;
				minimumVersion = 2.2.0;
			};
		};
		9B6830DB26BE25A200E2B2BF /* XCRemoteSwiftPackageReference "Defaults" */ = {
			isa = XCRemoteSwiftPackageReference;
			repositoryURL = "https://github.com/sindresorhus/Defaults";
			requirement = {
				kind = upToNextMajorVersion;
				minimumVersion = 5.0.0;
			};
		};
		9BD4E0E626BEB954008E25EE /* XCRemoteSwiftPackageReference "KeyboardShortcuts" */ = {
			isa = XCRemoteSwiftPackageReference;
			repositoryURL = "https://github.com/sindresorhus/KeyboardShortcuts";
			requirement = {
				kind = upToNextMajorVersion;
				minimumVersion = 1.0.0;
			};
		};
/* End XCRemoteSwiftPackageReference section */

/* Begin XCSwiftPackageProductDependency section */
		4AE4C9BC25A248E600FDFE28 /* Preferences */ = {
			isa = XCSwiftPackageProductDependency;
			package = 4AE4C9BB25A248E600FDFE28 /* XCRemoteSwiftPackageReference "Preferences" */;
			productName = Preferences;
		};
		4AEA100C25A16B1900D0AF31 /* LSFoundation */ = {
			isa = XCSwiftPackageProductDependency;
			productName = LSFoundation;
		};
		9B6830DC26BE25A200E2B2BF /* Defaults */ = {
			isa = XCSwiftPackageProductDependency;
			package = 9B6830DB26BE25A200E2B2BF /* XCRemoteSwiftPackageReference "Defaults" */;
			productName = Defaults;
		};
		9BD4E0E726BEB954008E25EE /* KeyboardShortcuts */ = {
			isa = XCSwiftPackageProductDependency;
			package = 9BD4E0E626BEB954008E25EE /* XCRemoteSwiftPackageReference "KeyboardShortcuts" */;
			productName = KeyboardShortcuts;
		};
/* End XCSwiftPackageProductDependency section */
	};
	rootObject = 4A9AB23F25A167AD003842F8 /* Project object */;
}
